{
  "version": 4,
  "terraform_version": "1.3.6",
  "serial": 20,
  "lineage": "cbe55a05-e2d7-83f7-2f5e-5b1544708cb8",
  "outputs": {},
  "resources": [
    {
      "mode": "managed",
      "type": "local_file",
      "name": "identity",
      "provider": "provider[\"registry.terraform.io/hashicorp/local\"]",
      "instances": [
        {
          "schema_version": 0,
          "attributes": {
            "content": "Ceci est un test",
            "content_base64": null,
            "directory_permission": "0777",
            "file_permission": "555",
            "filename": "identite-tf.txt ",
            "id": "8ae7c61a25d0236160cf1426115bf674c09e1fab",
            "sensitive_content": null,
            "source": null
          },
          "sensitive_attributes": []
        }
      ]
    }
  ],
  "check_results": null
}
